<?xml version="1.0" encoding="utf-8"?>
<Project ToolsVersion="17.0" xmlns="http://schemas.microsoft.com/developer/msbuild/2003">
  <ItemGroup>
    <CustomBuild Include="C:\Projects\ouster-sdk\out\build\x64-debug\CMakeFiles\de79be4f494b5a3acad92d455d33103b\py_gen_tOxg.timestamp.rule">
      <Filter>CMake Rules</Filter>
    </CustomBuild>
    <CustomBuild Include="C:\Projects\ouster-sdk\out\build\x64-debug\CMakeFiles\820fbde841d8b593dd072513bc59ac92\py_gen.rule">
      <Filter>CMake Rules</Filter>
    </CustomBuild>
    <CustomBuild Include="C:\Projects\ouster-sdk\ouster_osf\CMakeLists.txt" />
  </ItemGroup>
  <ItemGroup>
    <None Include="C:\Projects\ouster-sdk\out\build\x64-debug\ouster_osf\CMakeFiles\py_gen" />
  </ItemGroup>
  <ItemGroup>
    <Filter Include="CMake Rules">
      <UniqueIdentifier>{040A90E4-7C9A-3E25-A09F-5BB50280115F}</UniqueIdentifier>
    </Filter>
  </ItemGroup>
</Project>
