<?xml version="1.0" encoding="utf-8"?>
<Project ToolsVersion="17.0" xmlns="http://schemas.microsoft.com/developer/msbuild/2003">
  <ItemGroup>
    <CustomBuild Include="C:\Projects\ouster-sdk\out\build\x64-debug\CMakeFiles\5ff23c2bd8057362eb1cbefcd0138792\INSTALL_force.rule">
      <Filter>CMake Rules</Filter>
    </CustomBuild>
  </ItemGroup>
  <ItemGroup>
    <Filter Include="CMake Rules">
      <UniqueIdentifier>{040A90E4-7C9A-3E25-A09F-5BB50280115F}</UniqueIdentifier>
    </Filter>
  </ItemGroup>
</Project>
